
Microsoft Visual Studio Solution File, Format Version 12.00
# Visual Studio Version 17
VisualStudioVersion = 17.0.31903.59
MinimumVisualStudioVersion = 10.0.40219.1
Project("{2150E333-8FDC-42A3-9474-1A3956D46DE8}") = "src", "src", "{C8067595-F330-466C-A2D2-E934D08E6B3B}"
EndProject
Project("{FAE04EC0-301F-11D3-BF4B-00C04F79EFBC}") = "Todos.Web", "src\Web\Todos.Web.csproj", "{61BD6022-CC04-4F12-A659-FE43F80F9543}"
EndProject
Project("{FAE04EC0-301F-11D3-BF4B-00C04F79EFBC}") = "Todos.Notifications", "src\Notifications\Todos.Notifications.csproj", "{1EA911D8-8FEA-4B3C-8CF3-CC1B4E02763E}"
EndProject
Global
	GlobalSection(SolutionConfigurationPlatforms) = preSolution
		Debug|Any CPU = Debug|Any CPU
		Release|Any CPU = Release|Any CPU
	EndGlobalSection
	GlobalSection(SolutionProperties) = preSolution
		HideSolutionNode = FALSE
	EndGlobalSection
	GlobalSection(ProjectConfigurationPlatforms) = postSolution
		{61BD6022-CC04-4F12-A659-FE43F80F9543}.Debug|Any CPU.ActiveCfg = Debug|Any CPU
		{61BD6022-CC04-4F12-A659-FE43F80F9543}.Debug|Any CPU.Build.0 = Debug|Any CPU
		{61BD6022-CC04-4F12-A659-FE43F80F9543}.Release|Any CPU.ActiveCfg = Release|Any CPU
		{61BD6022-CC04-4F12-A659-FE43F80F9543}.Release|Any CPU.Build.0 = Release|Any CPU
		{1EA911D8-8FEA-4B3C-8CF3-CC1B4E02763E}.Debug|Any CPU.ActiveCfg = Debug|Any CPU
		{1EA911D8-8FEA-4B3C-8CF3-CC1B4E02763E}.Debug|Any CPU.Build.0 = Debug|Any CPU
		{1EA911D8-8FEA-4B3C-8CF3-CC1B4E02763E}.Release|Any CPU.ActiveCfg = Release|Any CPU
		{1EA911D8-8FEA-4B3C-8CF3-CC1B4E02763E}.Release|Any CPU.Build.0 = Release|Any CPU
	EndGlobalSection
	GlobalSection(NestedProjects) = preSolution
		{61BD6022-CC04-4F12-A659-FE43F80F9543} = {C8067595-F330-466C-A2D2-E934D08E6B3B}
		{1EA911D8-8FEA-4B3C-8CF3-CC1B4E02763E} = {C8067595-F330-466C-A2D2-E934D08E6B3B}
	EndGlobalSection
EndGlobal
